
Microsoft Visual Studio Solution File, Format Version 12.00
# Visual Studio Version 16
VisualStudioVersion = 16.0.29920.165
MinimumVisualStudioVersion = 10.0.40219.1
Project("{9A19103F-16F7-4668-BE54-9A1E7A4F7556}") = "ProductApi", "ProductApi.csproj", "{C7847436-67E4-4977-9385-D264CAC470B1}"
EndProject
Project("{FAE04EC0-301F-11D3-BF4B-00C04F79EFBC}") = "LoggerService", "..\LoggerService\LoggerService.csproj", "{8383CB68-8B29-4A00-AE6B-985495833C05}"
EndProject
Project("{FAE04EC0-301F-11D3-BF4B-00C04F79EFBC}") = "Contracts", "..\Contracts\Contracts.csproj", "{8F0A7AC7-2A1E-4699-985E-94AF155C38CC}"
EndProject
Global
	GlobalSection(SolutionConfigurationPlatforms) = preSolution
		Debug|Any CPU = Debug|Any CPU
		Release|Any CPU = Release|Any CPU
	EndGlobalSection
	GlobalSection(ProjectConfigurationPlatforms) = postSolution
		{C7847436-67E4-4977-9385-D264CAC470B1}.Debug|Any CPU.ActiveCfg = Debug|Any CPU
		{C7847436-67E4-4977-9385-D264CAC470B1}.Debug|Any CPU.Build.0 = Debug|Any CPU
		{C7847436-67E4-4977-9385-D264CAC470B1}.Release|Any CPU.ActiveCfg = Release|Any CPU
		{C7847436-67E4-4977-9385-D264CAC470B1}.Release|Any CPU.Build.0 = Release|Any CPU
		{8383CB68-8B29-4A00-AE6B-985495833C05}.Debug|Any CPU.ActiveCfg = Debug|Any CPU
		{8383CB68-8B29-4A00-AE6B-985495833C05}.Debug|Any CPU.Build.0 = Debug|Any CPU
		{8383CB68-8B29-4A00-AE6B-985495833C05}.Release|Any CPU.ActiveCfg = Release|Any CPU
		{8383CB68-8B29-4A00-AE6B-985495833C05}.Release|Any CPU.Build.0 = Release|Any CPU
		{8F0A7AC7-2A1E-4699-985E-94AF155C38CC}.Debug|Any CPU.ActiveCfg = Debug|Any CPU
		{8F0A7AC7-2A1E-4699-985E-94AF155C38CC}.Debug|Any CPU.Build.0 = Debug|Any CPU
		{8F0A7AC7-2A1E-4699-985E-94AF155C38CC}.Release|Any CPU.ActiveCfg = Release|Any CPU
		{8F0A7AC7-2A1E-4699-985E-94AF155C38CC}.Release|Any CPU.Build.0 = Release|Any CPU
	EndGlobalSection
	GlobalSection(SolutionProperties) = preSolution
		HideSolutionNode = FALSE
	EndGlobalSection
	GlobalSection(ExtensibilityGlobals) = postSolution
		SolutionGuid = {FD3A587F-85D6-4647-9D54-9320FCA3FDD7}
	EndGlobalSection
EndGlobal
